
Microsoft Visual Studio Solution File, Format Version 12.00
# Visual Studio Version 17
VisualStudioVersion = 17.1.32328.378
MinimumVisualStudioVersion = 10.0.40219.1
Project("{9A19103F-16F7-4668-BE54-9A1E7A4F7556}") = "NServiceBus.Gateway.Sql", "NServiceBus.Gateway.Sql\NServiceBus.Gateway.Sql.csproj", "{7B24118B-16F2-4B66-9CBC-887030428B04}"
EndProject
Project("{9A19103F-16F7-4668-BE54-9A1E7A4F7556}") = "SystemClientAcceptanceTests", "SystemClientAcceptanceTests\SystemClientAcceptanceTests.csproj", "{7ADB5C0D-1C66-4270-90A6-10E90AD5781E}"
EndProject
Project("{9A19103F-16F7-4668-BE54-9A1E7A4F7556}") = "MicrosoftClientAcceptanceTests", "MicrosoftClientAcceptanceTests\MicrosoftClientAcceptanceTests.csproj", "{C10CF307-91AC-4C39-A120-2C490AC71948}"
EndProject
Project("{9A19103F-16F7-4668-BE54-9A1E7A4F7556}") = "NServiceBus.Gateway.Sql.Tests", "NServiceBus.Gateway.Sql.Tests\NServiceBus.Gateway.Sql.Tests.csproj", "{80B3C386-015F-44FE-9DEE-803CD36B4398}"
EndProject
Project("{2150E333-8FDC-42A3-9474-1A3956D46DE8}") = "Solution Items", "Solution Items", "{48D154CF-CB13-45B6-90B0-2C63A7771449}"
	ProjectSection(SolutionItems) = preProject
		..\.github\workflows\ci.yml = ..\.github\workflows\ci.yml
		Custom.Build.props = Custom.Build.props
		..\.github\workflows\release.yml = ..\.github\workflows\release.yml
	EndProjectSection
EndProject
Global
	GlobalSection(SolutionConfigurationPlatforms) = preSolution
		Debug|Any CPU = Debug|Any CPU
		Release|Any CPU = Release|Any CPU
	EndGlobalSection
	GlobalSection(ProjectConfigurationPlatforms) = postSolution
		{7B24118B-16F2-4B66-9CBC-887030428B04}.Debug|Any CPU.ActiveCfg = Debug|Any CPU
		{7B24118B-16F2-4B66-9CBC-887030428B04}.Debug|Any CPU.Build.0 = Debug|Any CPU
		{7B24118B-16F2-4B66-9CBC-887030428B04}.Release|Any CPU.ActiveCfg = Release|Any CPU
		{7B24118B-16F2-4B66-9CBC-887030428B04}.Release|Any CPU.Build.0 = Release|Any CPU
		{7ADB5C0D-1C66-4270-90A6-10E90AD5781E}.Debug|Any CPU.ActiveCfg = Debug|Any CPU
		{7ADB5C0D-1C66-4270-90A6-10E90AD5781E}.Debug|Any CPU.Build.0 = Debug|Any CPU
		{7ADB5C0D-1C66-4270-90A6-10E90AD5781E}.Release|Any CPU.ActiveCfg = Release|Any CPU
		{7ADB5C0D-1C66-4270-90A6-10E90AD5781E}.Release|Any CPU.Build.0 = Release|Any CPU
		{C10CF307-91AC-4C39-A120-2C490AC71948}.Debug|Any CPU.ActiveCfg = Debug|Any CPU
		{C10CF307-91AC-4C39-A120-2C490AC71948}.Debug|Any CPU.Build.0 = Debug|Any CPU
		{C10CF307-91AC-4C39-A120-2C490AC71948}.Release|Any CPU.ActiveCfg = Release|Any CPU
		{C10CF307-91AC-4C39-A120-2C490AC71948}.Release|Any CPU.Build.0 = Release|Any CPU
		{80B3C386-015F-44FE-9DEE-803CD36B4398}.Debug|Any CPU.ActiveCfg = Debug|Any CPU
		{80B3C386-015F-44FE-9DEE-803CD36B4398}.Debug|Any CPU.Build.0 = Debug|Any CPU
		{80B3C386-015F-44FE-9DEE-803CD36B4398}.Release|Any CPU.ActiveCfg = Release|Any CPU
		{80B3C386-015F-44FE-9DEE-803CD36B4398}.Release|Any CPU.Build.0 = Release|Any CPU
	EndGlobalSection
	GlobalSection(SolutionProperties) = preSolution
		HideSolutionNode = FALSE
	EndGlobalSection
	GlobalSection(ExtensibilityGlobals) = postSolution
		SolutionGuid = {CC21F424-5D39-4784-B513-2833228DCE6C}
	EndGlobalSection
EndGlobal
