
Microsoft Visual Studio Solution File, Format Version 12.00
# Visual Studio Version 17
VisualStudioVersion = 17.1.32328.378
MinimumVisualStudioVersion = 10.0.40219.1
Project("{9A19103F-16F7-4668-BE54-9A1E7A4F7556}") = "NServiceBus.Gateway.Sql", "NServiceBus.Gateway.Sql\NServiceBus.Gateway.Sql.csproj", "{7B24118B-16F2-4B66-9CBC-887030428B04}"
EndProject
Project("{9A19103F-16F7-4668-BE54-9A1E7A4F7556}") = "NServiceBus.Gateway.Sql.Tests", "NServiceBus.Gateway.Sql.Tests\NServiceBus.Gateway.Sql.Tests.csproj", "{80B3C386-015F-44FE-9DEE-803CD36B4398}"
EndProject
Project("{2150E333-8FDC-42A3-9474-1A3956D46DE8}") = "Solution Items", "Solution Items", "{48D154CF-CB13-45B6-90B0-2C63A7771449}"
	ProjectSection(SolutionItems) = preProject
		..\.github\workflows\ci.yml = ..\.github\workflows\ci.yml
		Custom.Build.props = Custom.Build.props
		..\.github\workflows\release.yml = ..\.github\workflows\release.yml
	EndProjectSection
EndProject
Project("{FAE04EC0-301F-11D3-BF4B-00C04F79EFBC}") = "NServiceBus.Gateway.Sql.AcceptanceTests", "NServiceBus.Gateway.Sql.AcceptanceTests\NServiceBus.Gateway.Sql.AcceptanceTests.csproj", "{0B77C231-E8E4-484A-BA62-46E55A076FDA}"
EndProject
Global
	GlobalSection(SolutionConfigurationPlatforms) = preSolution
		Debug|Any CPU = Debug|Any CPU
		Release|Any CPU = Release|Any CPU
	EndGlobalSection
	GlobalSection(ProjectConfigurationPlatforms) = postSolution
		{7B24118B-16F2-4B66-9CBC-887030428B04}.Debug|Any CPU.ActiveCfg = Debug|Any CPU
		{7B24118B-16F2-4B66-9CBC-887030428B04}.Debug|Any CPU.Build.0 = Debug|Any CPU
		{7B24118B-16F2-4B66-9CBC-887030428B04}.Release|Any CPU.ActiveCfg = Release|Any CPU
		{7B24118B-16F2-4B66-9CBC-887030428B04}.Release|Any CPU.Build.0 = Release|Any CPU
		{80B3C386-015F-44FE-9DEE-803CD36B4398}.Debug|Any CPU.ActiveCfg = Debug|Any CPU
		{80B3C386-015F-44FE-9DEE-803CD36B4398}.Debug|Any CPU.Build.0 = Debug|Any CPU
		{80B3C386-015F-44FE-9DEE-803CD36B4398}.Release|Any CPU.ActiveCfg = Release|Any CPU
		{80B3C386-015F-44FE-9DEE-803CD36B4398}.Release|Any CPU.Build.0 = Release|Any CPU
		{0B77C231-E8E4-484A-BA62-46E55A076FDA}.Debug|Any CPU.ActiveCfg = Debug|Any CPU
		{0B77C231-E8E4-484A-BA62-46E55A076FDA}.Debug|Any CPU.Build.0 = Debug|Any CPU
		{0B77C231-E8E4-484A-BA62-46E55A076FDA}.Release|Any CPU.ActiveCfg = Release|Any CPU
		{0B77C231-E8E4-484A-BA62-46E55A076FDA}.Release|Any CPU.Build.0 = Release|Any CPU
	EndGlobalSection
	GlobalSection(SolutionProperties) = preSolution
		HideSolutionNode = FALSE
	EndGlobalSection
	GlobalSection(ExtensibilityGlobals) = postSolution
		SolutionGuid = {CC21F424-5D39-4784-B513-2833228DCE6C}
	EndGlobalSection
EndGlobal
